hash: 13dfe4c472544b1286dfde2d019233fb8a4929b95d3f6b779b4815ded7bb576b
updated: 2017-10-31T17:08:15.655874445+01:00
imports:
- name: github.com/andelf/go-curl
  version: f8b334df3789fbdf98df3b3b22815e958b956c19
- name: github.com/fatih/color
  version: 570b54cabe6b8eb0bc2dfce68d964677d63b5260
- name: github.com/gernest/wow
  version: 57298475c6371a5a652e74dcf624c80edfc5ae1a
  subpackages:
  - spin
- name: golang.org/x/crypto
  version: 2509b142fb2b797aa7587dad548f113b2c0f20ce
  subpackages:
  - ssh/terminal
- name: golang.org/x/sys
  version: 95c6576299259db960f6c5b9b69ea52422860fce
  subpackages:
  - unix
  - windows
testImports: []
