# This file is autogenerated, do not edit; changes may be undone by the next 'dep ensure'.


[[projects]]
  branch = "master"
  digest = "1:e339fa18a6e1d4dd04282f5ba77b8a09cbbf1067ba20915de87d1e65367a9c9f"
  name = "github.com/andelf/go-curl"
  packages = ["."]
  pruneopts = "UT"
  revision = "9d81ad32de98e80df412c890c75d8964f696a910"

[[projects]]
  digest = "1:bde2a1ce1de28312f165a88926c12f4acd19dc4d7da96a445dfa5a29eae07a93"
  name = "github.com/fatih/color"
  packages = ["."]
  pruneopts = "UT"
  revision = "daf2830f2741ebb735b21709a520c5f37d642d85"
  version = "v1.9.0"

[[projects]]
  branch = "master"
  digest = "1:ed5770b9c257ad46b5b166b849eb7053da03c7ab8cc9b41c4950ce4b9838c429"
  name = "github.com/gernest/wow"
  packages = [
    ".",
    "spin",
  ]
  pruneopts = "UT"
  revision = "f84922eda44edbee8c79fd50e9842b25d76f5b4b"

[[projects]]
  digest = "1:f445828f7530db7a8608d69ffa858dacba0226df1b9dcc49b658d0a50b9245c6"
  name = "github.com/magefile/mage"
  packages = [
    "mg",
    "sh",
    "types",
  ]
  pruneopts = "UT"
  revision = "ab3ca2f6f85577d7ec82e0a6df721147a2e737f9"
  version = "v2.0.1"

[[projects]]
  digest = "1:c658e84ad3916da105a761660dcaeb01e63416c8ec7bc62256a9b411a05fcd67"
  name = "github.com/mattn/go-colorable"
  packages = ["."]
  pruneopts = "UT"
  revision = "167de6bfdfba052fa6b2d3664c8f5272e23c9072"
  version = "v0.0.9"

[[projects]]
  digest = "1:d4d17353dbd05cb52a2a52b7fe1771883b682806f68db442b436294926bbfafb"
  name = "github.com/mattn/go-isatty"
  packages = ["."]
  pruneopts = "UT"
  revision = "0360b2af4f38e8d38c7fce2a9f4e702702d73a39"
  version = "v0.0.3"

[[projects]]
  branch = "master"
  digest = "1:3f3a05ae0b95893d90b9b3b5afdb79a9b3d96e4e36e099d841ae602e4aca0da8"
  name = "golang.org/x/crypto"
  packages = ["ssh/terminal"]
  pruneopts = "UT"
  revision = "c7dcf104e3a7a1417abc0230cb0d5240d764159d"

[[projects]]
  branch = "master"
  digest = "1:2d7c05d864ede62b1172c9bcc539863411910c4a564b77429e18495a92fffac4"
  name = "golang.org/x/sys"
  packages = [
    "unix",
    "windows",
  ]
  pruneopts = "UT"
  revision = "c28acc882ebcbfbe8ce9f0f14b9ac26ee138dd51"

[solve-meta]
  analyzer-name = "dep"
  analyzer-version = 1
  input-imports = [
    "github.com/andelf/go-curl",
    "github.com/fatih/color",
    "github.com/gernest/wow",
    "github.com/gernest/wow/spin",
    "github.com/magefile/mage/mg",
    "github.com/magefile/mage/sh",
    "github.com/magefile/mage/types",
    "github.com/mattn/go-colorable",
    "github.com/mattn/go-isatty",
    "golang.org/x/crypto/ssh/terminal",
    "golang.org/x/sys/unix",
    "golang.org/x/sys/windows",
  ]
  solver-name = "gps-cdcl"
  solver-version = 1
